// !$*UTF8*$!
{
	archiveVersion = 1;
	classes = {
	};
	objectVersion = 46;
	objects = {

/* Begin PBXBuildFile section */
		6D33B1391993F38000237865 /* AppDelegate.swift in Sources */ = {isa = PBXBuildFile; fileRef = 6D33B1381993F38000237865 /* AppDelegate.swift */; };
		6D33B13B1993F38000237865 /* ViewController.swift in Sources */ = {isa = PBXBuildFile; fileRef = 6D33B13A1993F38000237865 /* ViewController.swift */; };
		6D33B13E1993F38000237865 /* Main.storyboard in Resources */ = {isa = PBXBuildFile; fileRef = 6D33B13C1993F38000237865 /* Main.storyboard */; };
		6D33B1401993F38000237865 /* Images.xcassets in Resources */ = {isa = PBXBuildFile; fileRef = 6D33B13F1993F38000237865 /* Images.xcassets */; };
		6D33B14C1993F38100237865 /* textSelectionActionExtensionSwiftExampleTests.swift in Sources */ = {isa = PBXBuildFile; fileRef = 6D33B14B1993F38100237865 /* textSelectionActionExtensionSwiftExampleTests.swift */; };
		6D33B15E1993F39800237865 /* ActionViewController.swift in Sources */ = {isa = PBXBuildFile; fileRef = 6D33B15D1993F39800237865 /* ActionViewController.swift */; };
		6D33B1601993F39900237865 /* MainInterface.storyboard in Resources */ = {isa = PBXBuildFile; fileRef = 6D33B15F1993F39800237865 /* MainInterface.storyboard */; };
		6D33B1631993F39900237865 /* textSelectionActionExtensionSwiftExampleExt.appex in Embed App Extensions */ = {isa = PBXBuildFile; fileRef = 6D33B1591993F39800237865 /* textSelectionActionExtensionSwiftExampleExt.appex */; settings = {ATTRIBUTES = (RemoveHeadersOnCopy, ); }; };
/* End PBXBuildFile section */

/* Begin PBXContainerItemProxy section */
		6D33B1461993F38100237865 /* PBXContainerItemProxy */ = {
			isa = PBXContainerItemProxy;
			containerPortal = 6D33B12B1993F38000237865 /* Project object */;
			proxyType = 1;
			remoteGlobalIDString = 6D33B1321993F38000237865;
			remoteInfo = textSelectionActionExtensionSwiftExample;
		};
		6D33B1611993F39900237865 /* PBXContainerItemProxy */ = {
			isa = PBXContainerItemProxy;
			containerPortal = 6D33B12B1993F38000237865 /* Project object */;
			proxyType = 1;
			remoteGlobalIDString = 6D33B1581993F39800237865;
			remoteInfo = textSelectionActionExtensionSwiftExampleExt;
		};
		6D33B1641993F39900237865 /* PBXContainerItemProxy */ = {
			isa = PBXContainerItemProxy;
			containerPortal = 6D33B12B1993F38000237865 /* Project object */;
			proxyType = 1;
			remoteGlobalIDString = 6D33B1581993F39800237865;
			remoteInfo = textSelectionActionExtensionSwiftExampleExt;
		};
/* End PBXContainerItemProxy section */

/* Begin PBXCopyFilesBuildPhase section */
		6D33B1691993F39900237865 /* Embed App Extensions */ = {
			isa = PBXCopyFilesBuildPhase;
			buildActionMask = 2147483647;
			dstPath = "";
			dstSubfolderSpec = 13;
			files = (
				6D33B1631993F39900237865 /* textSelectionActionExtensionSwiftExampleExt.appex in Embed App Extensions */,
			);
			name = "Embed App Extensions";
			runOnlyForDeploymentPostprocessing = 0;
		};
/* End PBXCopyFilesBuildPhase section */

/* Begin PBXFileReference section */
		6D33B1331993F38000237865 /* textSelectionActionExtensionSwiftExample.app */ = {isa = PBXFileReference; explicitFileType = wrapper.application; includeInIndex = 0; path = textSelectionActionExtensionSwiftExample.app; sourceTree = BUILT_PRODUCTS_DIR; };
		6D33B1371993F38000237865 /* Info.plist */ = {isa = PBXFileReference; lastKnownFileType = text.plist.xml; path = Info.plist; sourceTree = "<group>"; };
		6D33B1381993F38000237865 /* AppDelegate.swift */ = {isa = PBXFileReference; lastKnownFileType = sourcecode.swift; path = AppDelegate.swift; sourceTree = "<group>"; };
		6D33B13A1993F38000237865 /* ViewController.swift */ = {isa = PBXFileReference; lastKnownFileType = sourcecode.swift; path = ViewController.swift; sourceTree = "<group>"; };
		6D33B13D1993F38000237865 /* Base */ = {isa = PBXFileReference; lastKnownFileType = file.storyboard; name = Base; path = Base.lproj/Main.storyboard; sourceTree = "<group>"; };
		6D33B13F1993F38000237865 /* Images.xcassets */ = {isa = PBXFileReference; lastKnownFileType = folder.assetcatalog; path = Images.xcassets; sourceTree = "<group>"; };
		6D33B1451993F38100237865 /* textSelectionActionExtensionSwiftExampleTests.xctest */ = {isa = PBXFileReference; explicitFileType = wrapper.cfbundle; includeInIndex = 0; path = textSelectionActionExtensionSwiftExampleTests.xctest; sourceTree = BUILT_PRODUCTS_DIR; };
		6D33B14A1993F38100237865 /* Info.plist */ = {isa = PBXFileReference; lastKnownFileType = text.plist.xml; path = Info.plist; sourceTree = "<group>"; };
		6D33B14B1993F38100237865 /* textSelectionActionExtensionSwiftExampleTests.swift */ = {isa = PBXFileReference; lastKnownFileType = sourcecode.swift; path = textSelectionActionExtensionSwiftExampleTests.swift; sourceTree = "<group>"; };
		6D33B1591993F39800237865 /* textSelectionActionExtensionSwiftExampleExt.appex */ = {isa = PBXFileReference; explicitFileType = "wrapper.app-extension"; includeInIndex = 0; path = textSelectionActionExtensionSwiftExampleExt.appex; sourceTree = BUILT_PRODUCTS_DIR; };
		6D33B15C1993F39800237865 /* Info.plist */ = {isa = PBXFileReference; lastKnownFileType = text.plist.xml; path = Info.plist; sourceTree = "<group>"; };
		6D33B15D1993F39800237865 /* ActionViewController.swift */ = {isa = PBXFileReference; lastKnownFileType = sourcecode.swift; path = ActionViewController.swift; sourceTree = "<group>"; };
		6D33B15F1993F39800237865 /* MainInterface.storyboard */ = {isa = PBXFileReference; lastKnownFileType = file.storyboard; path = MainInterface.storyboard; sourceTree = "<group>"; };
/* End PBXFileReference section */

/* Begin PBXFrameworksBuildPhase section */
		6D33B1301993F38000237865 /* Frameworks */ = {
			isa = PBXFrameworksBuildPhase;
			buildActionMask = 2147483647;
			files = (
			);
			runOnlyForDeploymentPostprocessing = 0;
		};
		6D33B1421993F38100237865 /* Frameworks */ = {
			isa = PBXFrameworksBuildPhase;
			buildActionMask = 2147483647;
			files = (
			);
			runOnlyForDeploymentPostprocessing = 0;
		};
		6D33B1561993F39800237865 /* Frameworks */ = {
			isa = PBXFrameworksBuildPhase;
			buildActionMask = 2147483647;
			files = (
			);
			runOnlyForDeploymentPostprocessing = 0;
		};
/* End PBXFrameworksBuildPhase section */

/* Begin PBXGroup section */
		6D33B12A1993F38000237865 = {
			isa = PBXGroup;
			children = (
				6D33B1351993F38000237865 /* textSelectionActionExtensionSwiftExample */,
				6D33B15A1993F39800237865 /* textSelectionActionExtensionSwiftExampleExt */,
				6D33B1481993F38100237865 /* textSelectionActionExtensionSwiftExampleTests */,
				6D33B1341993F38000237865 /* Products */,
			);
			sourceTree = "<group>";
		};
		6D33B1341993F38000237865 /* Products */ = {
			isa = PBXGroup;
			children = (
				6D33B1331993F38000237865 /* textSelectionActionExtensionSwiftExample.app */,
				6D33B1451993F38100237865 /* textSelectionActionExtensionSwiftExampleTests.xctest */,
				6D33B1591993F39800237865 /* textSelectionActionExtensionSwiftExampleExt.appex */,
			);
			name = Products;
			sourceTree = "<group>";
		};
		6D33B1351993F38000237865 /* textSelectionActionExtensionSwiftExample */ = {
			isa = PBXGroup;
			children = (
				6D33B1381993F38000237865 /* AppDelegate.swift */,
				6D33B13A1993F38000237865 /* ViewController.swift */,
				6D33B13C1993F38000237865 /* Main.storyboard */,
				6D33B13F1993F38000237865 /* Images.xcassets */,
				6D33B1361993F38000237865 /* Supporting Files */,
			);
			path = textSelectionActionExtensionSwiftExample;
			sourceTree = "<group>";
		};
		6D33B1361993F38000237865 /* Supporting Files */ = {
			isa = PBXGroup;
			children = (
				6D33B1371993F38000237865 /* Info.plist */,
			);
			name = "Supporting Files";
			sourceTree = "<group>";
		};
		6D33B1481993F38100237865 /* textSelectionActionExtensionSwiftExampleTests */ = {
			isa = PBXGroup;
			children = (
				6D33B14B1993F38100237865 /* textSelectionActionExtensionSwiftExampleTests.swift */,
				6D33B1491993F38100237865 /* Supporting Files */,
			);
			path = textSelectionActionExtensionSwiftExampleTests;
			sourceTree = "<group>";
		};
		6D33B1491993F38100237865 /* Supporting Files */ = {
			isa = PBXGroup;
			children = (
				6D33B14A1993F38100237865 /* Info.plist */,
			);
			name = "Supporting Files";
			sourceTree = "<group>";
		};
		6D33B15A1993F39800237865 /* textSelectionActionExtensionSwiftExampleExt */ = {
			isa = PBXGroup;
			children = (
				6D33B15D1993F39800237865 /* ActionViewController.swift */,
				6D33B15F1993F39800237865 /* MainInterface.storyboard */,
				6D33B15B1993F39800237865 /* Supporting Files */,
			);
			path = textSelectionActionExtensionSwiftExampleExt;
			sourceTree = "<group>";
		};
		6D33B15B1993F39800237865 /* Supporting Files */ = {
			isa = PBXGroup;
			children = (
				6D33B15C1993F39800237865 /* Info.plist */,
			);
			name = "Supporting Files";
			sourceTree = "<group>";
		};
/* End PBXGroup section */

/* Begin PBXNativeTarget section */
		6D33B1321993F38000237865 /* textSelectionActionExtensionSwiftExample */ = {
			isa = PBXNativeTarget;
			buildConfigurationList = 6D33B14F1993F38100237865 /* Build configuration list for PBXNativeTarget "textSelectionActionExtensionSwiftExample" */;
			buildPhases = (
				6D33B12F1993F38000237865 /* Sources */,
				6D33B1301993F38000237865 /* Frameworks */,
				6D33B1311993F38000237865 /* Resources */,
				6D33B1691993F39900237865 /* Embed App Extensions */,
			);
			buildRules = (
			);
			dependencies = (
				6D33B1621993F39900237865 /* PBXTargetDependency */,
				6D33B1651993F39900237865 /* PBXTargetDependency */,
			);
			name = textSelectionActionExtensionSwiftExample;
			productName = textSelectionActionExtensionSwiftExample;
			productReference = 6D33B1331993F38000237865 /* textSelectionActionExtensionSwiftExample.app */;
			productType = "com.apple.product-type.application";
		};
		6D33B1441993F38100237865 /* textSelectionActionExtensionSwiftExampleTests */ = {
			isa = PBXNativeTarget;
			buildConfigurationList = 6D33B1521993F38100237865 /* Build configuration list for PBXNativeTarget "textSelectionActionExtensionSwiftExampleTests" */;
			buildPhases = (
				6D33B1411993F38100237865 /* Sources */,
				6D33B1421993F38100237865 /* Frameworks */,
				6D33B1431993F38100237865 /* Resources */,
			);
			buildRules = (
			);
			dependencies = (
				6D33B1471993F38100237865 /* PBXTargetDependency */,
			);
			name = textSelectionActionExtensionSwiftExampleTests;
			productName = textSelectionActionExtensionSwiftExampleTests;
			productReference = 6D33B1451993F38100237865 /* textSelectionActionExtensionSwiftExampleTests.xctest */;
			productType = "com.apple.product-type.bundle.unit-test";
		};
		6D33B1581993F39800237865 /* textSelectionActionExtensionSwiftExampleExt */ = {
			isa = PBXNativeTarget;
			buildConfigurationList = 6D33B1661993F39900237865 /* Build configuration list for PBXNativeTarget "textSelectionActionExtensionSwiftExampleExt" */;
			buildPhases = (
				6D33B1551993F39800237865 /* Sources */,
				6D33B1561993F39800237865 /* Frameworks */,
				6D33B1571993F39800237865 /* Resources */,
			);
			buildRules = (
			);
			dependencies = (
			);
			name = textSelectionActionExtensionSwiftExampleExt;
			productName = textSelectionActionExtensionSwiftExampleExt;
			productReference = 6D33B1591993F39800237865 /* textSelectionActionExtensionSwiftExampleExt.appex */;
			productType = "com.apple.product-type.app-extension";
		};
/* End PBXNativeTarget section */

/* Begin PBXProject section */
		6D33B12B1993F38000237865 /* Project object */ = {
			isa = PBXProject;
			attributes = {
				LastUpgradeCheck = 0600;
				ORGANIZATIONNAME = "Skinny Bones Productions";
				TargetAttributes = {
					6D33B1321993F38000237865 = {
						CreatedOnToolsVersion = 6.0;
					};
					6D33B1441993F38100237865 = {
						CreatedOnToolsVersion = 6.0;
						TestTargetID = 6D33B1321993F38000237865;
					};
					6D33B1581993F39800237865 = {
						CreatedOnToolsVersion = 6.0;
					};
				};
			};
			buildConfigurationList = 6D33B12E1993F38000237865 /* Build configuration list for PBXProject "textSelectionActionExtensionSwiftExample" */;
			compatibilityVersion = "Xcode 3.2";
			developmentRegion = English;
			hasScannedForEncodings = 0;
			knownRegions = (
				en,
				Base,
			);
			mainGroup = 6D33B12A1993F38000237865;
			productRefGroup = 6D33B1341993F38000237865 /* Products */;
			projectDirPath = "";
			projectRoot = "";
			targets = (
				6D33B1321993F38000237865 /* textSelectionActionExtensionSwiftExample */,
				6D33B1441993F38100237865 /* textSelectionActionExtensionSwiftExampleTests */,
				6D33B1581993F39800237865 /* textSelectionActionExtensionSwiftExampleExt */,
			);
		};
/* End PBXProject section */

/* Begin PBXResourcesBuildPhase section */
		6D33B1311993F38000237865 /* Resources */ = {
			isa = PBXResourcesBuildPhase;
			buildActionMask = 2147483647;
			files = (
				6D33B13E1993F38000237865 /* Main.storyboard in Resources */,
				6D33B1401993F38000237865 /* Images.xcassets in Resources */,
			);
			runOnlyForDeploymentPostprocessing = 0;
		};
		6D33B1431993F38100237865 /* Resources */ = {
			isa = PBXResourcesBuildPhase;
			buildActionMask = 2147483647;
			files = (
			);
			runOnlyForDeploymentPostprocessing = 0;
		};
		6D33B1571993F39800237865 /* Resources */ = {
			isa = PBXResourcesBuildPhase;
			buildActionMask = 2147483647;
			files = (
				6D33B1601993F39900237865 /* MainInterface.storyboard in Resources */,
			);
			runOnlyForDeploymentPostprocessing = 0;
		};
/* End PBXResourcesBuildPhase section */

/* Begin PBXSourcesBuildPhase section */
		6D33B12F1993F38000237865 /* Sources */ = {
			isa = PBXSourcesBuildPhase;
			buildActionMask = 2147483647;
			files = (
				6D33B13B1993F38000237865 /* ViewController.swift in Sources */,
				6D33B1391993F38000237865 /* AppDelegate.swift in Sources */,
			);
			runOnlyForDeploymentPostprocessing = 0;
		};
		6D33B1411993F38100237865 /* Sources */ = {
			isa = PBXSourcesBuildPhase;
			buildActionMask = 2147483647;
			files = (
				6D33B14C1993F38100237865 /* textSelectionActionExtensionSwiftExampleTests.swift in Sources */,
			);
			runOnlyForDeploymentPostprocessing = 0;
		};
		6D33B1551993F39800237865 /* Sources */ = {
			isa = PBXSourcesBuildPhase;
			buildActionMask = 2147483647;
			files = (
				6D33B15E1993F39800237865 /* ActionViewController.swift in Sources */,
			);
			runOnlyForDeploymentPostprocessing = 0;
		};
/* End PBXSourcesBuildPhase section */

/* Begin PBXTargetDependency section */
		6D33B1471993F38100237865 /* PBXTargetDependency */ = {
			isa = PBXTargetDependency;
			target = 6D33B1321993F38000237865 /* textSelectionActionExtensionSwiftExample */;
			targetProxy = 6D33B1461993F38100237865 /* PBXContainerItemProxy */;
		};
		6D33B1621993F39900237865 /* PBXTargetDependency */ = {
			isa = PBXTargetDependency;
			target = 6D33B1581993F39800237865 /* textSelectionActionExtensionSwiftExampleExt */;
			targetProxy = 6D33B1611993F39900237865 /* PBXContainerItemProxy */;
		};
		6D33B1651993F39900237865 /* PBXTargetDependency */ = {
			isa = PBXTargetDependency;
			target = 6D33B1581993F39800237865 /* textSelectionActionExtensionSwiftExampleExt */;
			targetProxy = 6D33B1641993F39900237865 /* PBXContainerItemProxy */;
		};
/* End PBXTargetDependency section */

/* Begin PBXVariantGroup section */
		6D33B13C1993F38000237865 /* Main.storyboard */ = {
			isa = PBXVariantGroup;
			children = (
				6D33B13D1993F38000237865 /* Base */,
			);
			name = Main.storyboard;
			sourceTree = "<group>";
		};
/* End PBXVariantGroup section */

/* Begin XCBuildConfiguration section */
		6D33B14D1993F38100237865 /* Debug */ = {
			isa = XCBuildConfiguration;
			buildSettings = {
				ALWAYS_SEARCH_USER_PATHS = NO;
				CLANG_CXX_LANGUAGE_STANDARD = "gnu++0x";
				CLANG_CXX_LIBRARY = "libc++";
				CLANG_ENABLE_MODULES = YES;
				CLANG_ENABLE_OBJC_ARC = YES;
				CLANG_WARN_BOOL_CONVERSION = YES;
				CLANG_WARN_CONSTANT_CONVERSION = YES;
				CLANG_WARN_DIRECT_OBJC_ISA_USAGE = YES_ERROR;
				CLANG_WARN_EMPTY_BODY = YES;
				CLANG_WARN_ENUM_CONVERSION = YES;
				CLANG_WARN_INT_CONVERSION = YES;
				CLANG_WARN_OBJC_ROOT_CLASS = YES_ERROR;
				CLANG_WARN_UNREACHABLE_CODE = YES;
				CLANG_WARN__DUPLICATE_METHOD_MATCH = YES;
				"CODE_SIGN_IDENTITY[sdk=iphoneos*]" = "iPhone Developer";
				COPY_PHASE_STRIP = NO;
				ENABLE_STRICT_OBJC_MSGSEND = YES;
				GCC_C_LANGUAGE_STANDARD = gnu99;
				GCC_DYNAMIC_NO_PIC = NO;
				GCC_OPTIMIZATION_LEVEL = 0;
				GCC_PREPROCESSOR_DEFINITIONS = (
					"DEBUG=1",
					"$(inherited)",
				);
				GCC_SYMBOLS_PRIVATE_EXTERN = NO;
				GCC_WARN_64_TO_32_BIT_CONVERSION = YES;
				GCC_WARN_ABOUT_RETURN_TYPE = YES_ERROR;
				GCC_WARN_UNDECLARED_SELECTOR = YES;
				GCC_WARN_UNINITIALIZED_AUTOS = YES_AGGRESSIVE;
				GCC_WARN_UNUSED_FUNCTION = YES;
				GCC_WARN_UNUSED_VARIABLE = YES;
				IPHONEOS_DEPLOYMENT_TARGET = 8.0;
				MTL_ENABLE_DEBUG_INFO = YES;
				ONLY_ACTIVE_ARCH = YES;
				SDKROOT = iphoneos;
				SWIFT_OPTIMIZATION_LEVEL = "-Onone";
			};
			name = Debug;
		};
		6D33B14E1993F38100237865 /* Release */ = {
			isa = XCBuildConfiguration;
			buildSettings = {
				ALWAYS_SEARCH_USER_PATHS = NO;
				CLANG_CXX_LANGUAGE_STANDARD = "gnu++0x";
				CLANG_CXX_LIBRARY = "libc++";
				CLANG_ENABLE_MODULES = YES;
				CLANG_ENABLE_OBJC_ARC = YES;
				CLANG_WARN_BOOL_CONVERSION = YES;
				CLANG_WARN_CONSTANT_CONVERSION = YES;
				CLANG_WARN_DIRECT_OBJC_ISA_USAGE = YES_ERROR;
				CLANG_WARN_EMPTY_BODY = YES;
				CLANG_WARN_ENUM_CONVERSION = YES;
				CLANG_WARN_INT_CONVERSION = YES;
				CLANG_WARN_OBJC_ROOT_CLASS = YES_ERROR;
				CLANG_WARN_UNREACHABLE_CODE = YES;
				CLANG_WARN__DUPLICATE_METHOD_MATCH = YES;
				"CODE_SIGN_IDENTITY[sdk=iphoneos*]" = "iPhone Developer";
				COPY_PHASE_STRIP = YES;
				ENABLE_NS_ASSERTIONS = NO;
				ENABLE_STRICT_OBJC_MSGSEND = YES;
				GCC_C_LANGUAGE_STANDARD = gnu99;
				GCC_WARN_64_TO_32_BIT_CONVERSION = YES;
				GCC_WARN_ABOUT_RETURN_TYPE = YES_ERROR;
				GCC_WARN_UNDECLARED_SELECTOR = YES;
				GCC_WARN_UNINITIALIZED_AUTOS = YES_AGGRESSIVE;
				GCC_WARN_UNUSED_FUNCTION = YES;
				GCC_WARN_UNUSED_VARIABLE = YES;
				IPHONEOS_DEPLOYMENT_TARGET = 8.0;
				MTL_ENABLE_DEBUG_INFO = NO;
				SDKROOT = iphoneos;
				VALIDATE_PRODUCT = YES;
			};
			name = Release;
		};
		6D33B1501993F38100237865 /* Debug */ = {
			isa = XCBuildConfiguration;
			buildSettings = {
				ASSETCATALOG_COMPILER_APPICON_NAME = AppIcon;
				ASSETCATALOG_COMPILER_LAUNCHIMAGE_NAME = LaunchImage;
				INFOPLIST_FILE = textSelectionActionExtensionSwiftExample/Info.plist;
				LD_RUNPATH_SEARCH_PATHS = "$(inherited) @executable_path/Frameworks";
				PRODUCT_NAME = "$(TARGET_NAME)";
			};
			name = Debug;
		};
		6D33B1511993F38100237865 /* Release */ = {
			isa = XCBuildConfiguration;
			buildSettings = {
				ASSETCATALOG_COMPILER_APPICON_NAME = AppIcon;
				ASSETCATALOG_COMPILER_LAUNCHIMAGE_NAME = LaunchImage;
				INFOPLIST_FILE = textSelectionActionExtensionSwiftExample/Info.plist;
				LD_RUNPATH_SEARCH_PATHS = "$(inherited) @executable_path/Frameworks";
				PRODUCT_NAME = "$(TARGET_NAME)";
			};
			name = Release;
		};
		6D33B1531993F38100237865 /* Debug */ = {
			isa = XCBuildConfiguration;
			buildSettings = {
				BUNDLE_LOADER = "$(TEST_HOST)";
				FRAMEWORK_SEARCH_PATHS = (
					"$(SDKROOT)/Developer/Library/Frameworks",
					"$(inherited)",
				);
				GCC_PREPROCESSOR_DEFINITIONS = (
					"DEBUG=1",
					"$(inherited)",
				);
				INFOPLIST_FILE = textSelectionActionExtensionSwiftExampleTests/Info.plist;
				LD_RUNPATH_SEARCH_PATHS = "$(inherited) @executable_path/Frameworks @loader_path/Frameworks";
				PRODUCT_NAME = "$(TARGET_NAME)";
				TEST_HOST = "$(BUILT_PRODUCTS_DIR)/textSelectionActionExtensionSwiftExample.app/textSelectionActionExtensionSwiftExample";
			};
			name = Debug;
		};
		6D33B1541993F38100237865 /* Release */ = {
			isa = XCBuildConfiguration;
			buildSettings = {
				BUNDLE_LOADER = "$(TEST_HOST)";
				FRAMEWORK_SEARCH_PATHS = (
					"$(SDKROOT)/Developer/Library/Frameworks",
					"$(inherited)",
				);
				INFOPLIST_FILE = textSelectionActionExtensionSwiftExampleTests/Info.plist;
				LD_RUNPATH_SEARCH_PATHS = "$(inherited) @executable_path/Frameworks @loader_path/Frameworks";
				PRODUCT_NAME = "$(TARGET_NAME)";
				TEST_HOST = "$(BUILT_PRODUCTS_DIR)/textSelectionActionExtensionSwiftExample.app/textSelectionActionExtensionSwiftExample";
			};
			name = Release;
		};
		6D33B1671993F39900237865 /* Debug */ = {
			isa = XCBuildConfiguration;
			buildSettings = {
				GCC_PREPROCESSOR_DEFINITIONS = (
					"DEBUG=1",
					"$(inherited)",
				);
				INFOPLIST_FILE = textSelectionActionExtensionSwiftExampleExt/Info.plist;
				LD_RUNPATH_SEARCH_PATHS = "$(inherited) @executable_path/Frameworks @executable_path/../../Frameworks";
				PRODUCT_NAME = "$(TARGET_NAME)";
				SKIP_INSTALL = YES;
			};
			name = Debug;
		};
		6D33B1681993F39900237865 /* Release */ = {
			isa = XCBuildConfiguration;
			buildSettings = {
				INFOPLIST_FILE = textSelectionActionExtensionSwiftExampleExt/Info.plist;
				LD_RUNPATH_SEARCH_PATHS = "$(inherited) @executable_path/Frameworks @executable_path/../../Frameworks";
				PRODUCT_NAME = "$(TARGET_NAME)";
				SKIP_INSTALL = YES;
			};
			name = Release;
		};
/* End XCBuildConfiguration section */

/* Begin XCConfigurationList section */
		6D33B12E1993F38000237865 /* Build configuration list for PBXProject "textSelectionActionExtensionSwiftExample" */ = {
			isa = XCConfigurationList;
			buildConfigurations = (
				6D33B14D1993F38100237865 /* Debug */,
				6D33B14E1993F38100237865 /* Release */,
			);
			defaultConfigurationIsVisible = 0;
			defaultConfigurationName = Release;
		};
		6D33B14F1993F38100237865 /* Build configuration list for PBXNativeTarget "textSelectionActionExtensionSwiftExample" */ = {
			isa = XCConfigurationList;
			buildConfigurations = (
				6D33B1501993F38100237865 /* Debug */,
				6D33B1511993F38100237865 /* Release */,
			);
			defaultConfigurationIsVisible = 0;
		};
		6D33B1521993F38100237865 /* Build configuration list for PBXNativeTarget "textSelectionActionExtensionSwiftExampleTests" */ = {
			isa = XCConfigurationList;
			buildConfigurations = (
				6D33B1531993F38100237865 /* Debug */,
				6D33B1541993F38100237865 /* Release */,
			);
			defaultConfigurationIsVisible = 0;
		};
		6D33B1661993F39900237865 /* Build configuration list for PBXNativeTarget "textSelectionActionExtensionSwiftExampleExt" */ = {
			isa = XCConfigurationList;
			buildConfigurations = (
				6D33B1671993F39900237865 /* Debug */,
				6D33B1681993F39900237865 /* Release */,
			);
			defaultConfigurationIsVisible = 0;
		};
/* End XCConfigurationList section */
	};
	rootObject = 6D33B12B1993F38000237865 /* Project object */;
}
